
Microsoft Visual Studio Solution File, Format Version 12.00
# Visual Studio Version 17
VisualStudioVersion = 17.11.35303.130
MinimumVisualStudioVersion = 10.0.40219.1
Project("{9A19103F-16F7-4668-BE54-9A1E7A4F7556}") = "EveStationJanitor", "EveStationJanitor\EveStationJanitor.csproj", "{DCEB013B-BDD1-4DFC-B2A2-8CD6604F9CC5}"
EndProject
Project("{9A19103F-16F7-4668-BE54-9A1E7A4F7556}") = "EveStationJanitor.Authentication", "EveStationJanitor.Authentication\EveStationJanitor.Authentication.csproj", "{F64D304F-8ABE-48E4-8574-4F936D6CA908}"
EndProject
Project("{9A19103F-16F7-4668-BE54-9A1E7A4F7556}") = "EveStationJanitor.Core", "EveStationJanitor.Core\EveStationJanitor.Core.csproj", "{36C71D23-E79D-4747-996B-28F1EBFEF21A}"
EndProject
Project("{9A19103F-16F7-4668-BE54-9A1E7A4F7556}") = "EveStationJanitor.EveApi", "EveStationJanitor.EveApi\EveStationJanitor.EveApi.csproj", "{CCCA9878-B016-47A0-9FCF-61FF23DF11EE}"
EndProject
Project("{2150E333-8FDC-42A3-9474-1A3956D46DE8}") = "Project", "Project", "{3934F9FD-A2E7-4571-B3B5-6DDEFE0635D0}"
	ProjectSection(SolutionItems) = preProject
		.gitignore = .gitignore
		Directory.Build.props = Directory.Build.props
		Directory.Packages.props = Directory.Packages.props
		README.md = README.md
	EndProjectSection
EndProject
Project("{2150E333-8FDC-42A3-9474-1A3956D46DE8}") = "Scripts", "Scripts", "{C58AE872-4099-49C0-9B28-A3D6FD5DC026}"
	ProjectSection(SolutionItems) = preProject
		Scripts\add-migration.ps1 = Scripts\add-migration.ps1
		Scripts\publish.ps1 = Scripts\publish.ps1
		Scripts\remove-migration.ps1 = Scripts\remove-migration.ps1
	EndProjectSection
EndProject
Project("{FAE04EC0-301F-11D3-BF4B-00C04F79EFBC}") = "EveStationJanitor.Core.Tests", "EveStationJanitor.Core.Tests\EveStationJanitor.Core.Tests.csproj", "{89C513A1-B086-4551-BB6E-9C716E88409E}"
EndProject
Project("{2150E333-8FDC-42A3-9474-1A3956D46DE8}") = "Tests", "Tests", "{5A3D43D0-6C17-4856-9A99-CE75CA4FDE11}"
EndProject
Project("{FAE04EC0-301F-11D3-BF4B-00C04F79EFBC}") = "EveStationJanitor.EveApi.Tests", "EveStationJanitor.EveApi.Tests\EveStationJanitor.EveApi.Tests.csproj", "{C22983D7-957C-4A59-9F6B-DF621624FE34}"
EndProject
Global
	GlobalSection(SolutionConfigurationPlatforms) = preSolution
		Debug|Any CPU = Debug|Any CPU
		Release|Any CPU = Release|Any CPU
	EndGlobalSection
	GlobalSection(ProjectConfigurationPlatforms) = postSolution
		{DCEB013B-BDD1-4DFC-B2A2-8CD6604F9CC5}.Debug|Any CPU.ActiveCfg = Debug|Any CPU
		{DCEB013B-BDD1-4DFC-B2A2-8CD6604F9CC5}.Debug|Any CPU.Build.0 = Debug|Any CPU
		{DCEB013B-BDD1-4DFC-B2A2-8CD6604F9CC5}.Release|Any CPU.ActiveCfg = Release|Any CPU
		{DCEB013B-BDD1-4DFC-B2A2-8CD6604F9CC5}.Release|Any CPU.Build.0 = Release|Any CPU
		{F64D304F-8ABE-48E4-8574-4F936D6CA908}.Debug|Any CPU.ActiveCfg = Debug|Any CPU
		{F64D304F-8ABE-48E4-8574-4F936D6CA908}.Debug|Any CPU.Build.0 = Debug|Any CPU
		{F64D304F-8ABE-48E4-8574-4F936D6CA908}.Release|Any CPU.ActiveCfg = Release|Any CPU
		{F64D304F-8ABE-48E4-8574-4F936D6CA908}.Release|Any CPU.Build.0 = Release|Any CPU
		{36C71D23-E79D-4747-996B-28F1EBFEF21A}.Debug|Any CPU.ActiveCfg = Debug|Any CPU
		{36C71D23-E79D-4747-996B-28F1EBFEF21A}.Debug|Any CPU.Build.0 = Debug|Any CPU
		{36C71D23-E79D-4747-996B-28F1EBFEF21A}.Release|Any CPU.ActiveCfg = Release|Any CPU
		{36C71D23-E79D-4747-996B-28F1EBFEF21A}.Release|Any CPU.Build.0 = Release|Any CPU
		{CCCA9878-B016-47A0-9FCF-61FF23DF11EE}.Debug|Any CPU.ActiveCfg = Debug|Any CPU
		{CCCA9878-B016-47A0-9FCF-61FF23DF11EE}.Debug|Any CPU.Build.0 = Debug|Any CPU
		{CCCA9878-B016-47A0-9FCF-61FF23DF11EE}.Release|Any CPU.ActiveCfg = Release|Any CPU
		{CCCA9878-B016-47A0-9FCF-61FF23DF11EE}.Release|Any CPU.Build.0 = Release|Any CPU
		{89C513A1-B086-4551-BB6E-9C716E88409E}.Debug|Any CPU.ActiveCfg = Debug|Any CPU
		{89C513A1-B086-4551-BB6E-9C716E88409E}.Debug|Any CPU.Build.0 = Debug|Any CPU
		{89C513A1-B086-4551-BB6E-9C716E88409E}.Release|Any CPU.ActiveCfg = Release|Any CPU
		{89C513A1-B086-4551-BB6E-9C716E88409E}.Release|Any CPU.Build.0 = Release|Any CPU
		{C22983D7-957C-4A59-9F6B-DF621624FE34}.Debug|Any CPU.ActiveCfg = Debug|Any CPU
		{C22983D7-957C-4A59-9F6B-DF621624FE34}.Debug|Any CPU.Build.0 = Debug|Any CPU
		{C22983D7-957C-4A59-9F6B-DF621624FE34}.Release|Any CPU.ActiveCfg = Release|Any CPU
		{C22983D7-957C-4A59-9F6B-DF621624FE34}.Release|Any CPU.Build.0 = Release|Any CPU
	EndGlobalSection
	GlobalSection(SolutionProperties) = preSolution
		HideSolutionNode = FALSE
	EndGlobalSection
	GlobalSection(ExtensibilityGlobals) = postSolution
		SolutionGuid = {3983D9A9-E9EB-4CF1-9AA4-85EC5F7D8E70}
	EndGlobalSection
	GlobalSection(NestedProjects) = preSolution
		{89C513A1-B086-4551-BB6E-9C716E88409E} = {5A3D43D0-6C17-4856-9A99-CE75CA4FDE11}
		{C22983D7-957C-4A59-9F6B-DF621624FE34} = {5A3D43D0-6C17-4856-9A99-CE75CA4FDE11}
	EndGlobalSection
EndGlobal
